
Microsoft Visual Studio Solution File, Format Version 12.00
# Visual Studio 15
VisualStudioVersion = 15.0.26419.1
MinimumVisualStudioVersion = 10.0.40219.1
Project("{D2ABAB84-BF74-430A-B69E-9DC6D40DDA17}") = "Airbnb_Analysis", "Airbnb_Analysis\Airbnb_Analysis.dwproj", "{21F0A92F-1E77-4EB2-9214-FA8CE8DB4AF9}"
EndProject
Global
	GlobalSection(SolutionConfigurationPlatforms) = preSolution
		Development|Default = Development|Default
	EndGlobalSection
	GlobalSection(ProjectConfigurationPlatforms) = postSolution
		{21F0A92F-1E77-4EB2-9214-FA8CE8DB4AF9}.Development|Default.ActiveCfg = Development
		{21F0A92F-1E77-4EB2-9214-FA8CE8DB4AF9}.Development|Default.Build.0 = Development
		{21F0A92F-1E77-4EB2-9214-FA8CE8DB4AF9}.Development|Default.Deploy.0 = Development
	EndGlobalSection
	GlobalSection(SolutionProperties) = preSolution
		HideSolutionNode = FALSE
	EndGlobalSection
EndGlobal
